
Microsoft Visual Studio Solution File, Format Version 12.00
# Visual Studio Version 16
VisualStudioVersion = 16.0.31729.503
MinimumVisualStudioVersion = 10.0.40219.1
Project("{9A19103F-16F7-4668-BE54-9A1E7A4F7556}") = "ConsoleApp1", "ConsoleApp1\ConsoleApp1.csproj", "{CA8DFEF9-2123-4C82-BCA0-79CF73A78238}"
EndProject
Project("{9A19103F-16F7-4668-BE54-9A1E7A4F7556}") = "TestProject1", "TestProject1\TestProject1.csproj", "{990752C5-6D8F-4686-91D9-DEF85E1190CB}"
EndProject
Global
	GlobalSection(SolutionConfigurationPlatforms) = preSolution
		Debug|Any CPU = Debug|Any CPU
		Release|Any CPU = Release|Any CPU
	EndGlobalSection
	GlobalSection(ProjectConfigurationPlatforms) = postSolution
		{CA8DFEF9-2123-4C82-BCA0-79CF73A78238}.Debug|Any CPU.ActiveCfg = Debug|Any CPU
		{CA8DFEF9-2123-4C82-BCA0-79CF73A78238}.Debug|Any CPU.Build.0 = Debug|Any CPU
		{CA8DFEF9-2123-4C82-BCA0-79CF73A78238}.Release|Any CPU.ActiveCfg = Release|Any CPU
		{CA8DFEF9-2123-4C82-BCA0-79CF73A78238}.Release|Any CPU.Build.0 = Release|Any CPU
		{990752C5-6D8F-4686-91D9-DEF85E1190CB}.Debug|Any CPU.ActiveCfg = Debug|Any CPU
		{990752C5-6D8F-4686-91D9-DEF85E1190CB}.Debug|Any CPU.Build.0 = Debug|Any CPU
		{990752C5-6D8F-4686-91D9-DEF85E1190CB}.Release|Any CPU.ActiveCfg = Release|Any CPU
		{990752C5-6D8F-4686-91D9-DEF85E1190CB}.Release|Any CPU.Build.0 = Release|Any CPU
	EndGlobalSection
	GlobalSection(SolutionProperties) = preSolution
		HideSolutionNode = FALSE
	EndGlobalSection
	GlobalSection(ExtensibilityGlobals) = postSolution
		SolutionGuid = {297765D8-7ED2-4A41-BC21-CB7240A18994}
	EndGlobalSection
EndGlobal
